
Microsoft Visual Studio Solution File, Format Version 12.00
# Visual Studio 15
VisualStudioVersion = 15.0.26730.15
MinimumVisualStudioVersion = 10.0.40219.1
Project("{F184B08F-C81C-45F6-A57F-5ABD9991F28F}") = "Academy", "Academy\Academy.vbproj", "{D04A2B3C-6EC9-4CF3-A784-3BAC24326B17}"
EndProject
Global
	GlobalSection(SolutionConfigurationPlatforms) = preSolution
		Debug|Any CPU = Debug|Any CPU
		Release|Any CPU = Release|Any CPU
	EndGlobalSection
	GlobalSection(ProjectConfigurationPlatforms) = postSolution
		{D04A2B3C-6EC9-4CF3-A784-3BAC24326B17}.Debug|Any CPU.ActiveCfg = Debug|Any CPU
		{D04A2B3C-6EC9-4CF3-A784-3BAC24326B17}.Debug|Any CPU.Build.0 = Debug|Any CPU
		{D04A2B3C-6EC9-4CF3-A784-3BAC24326B17}.Release|Any CPU.ActiveCfg = Release|Any CPU
		{D04A2B3C-6EC9-4CF3-A784-3BAC24326B17}.Release|Any CPU.Build.0 = Release|Any CPU
	EndGlobalSection
	GlobalSection(SolutionProperties) = preSolution
		HideSolutionNode = FALSE
	EndGlobalSection
	GlobalSection(ExtensibilityGlobals) = postSolution
		SolutionGuid = {AE86BE93-3C2C-473C-9D2E-674B9BB040E5}
	EndGlobalSection
EndGlobal
